
Microsoft Visual Studio Solution File, Format Version 12.00
# Visual Studio Version 16
VisualStudioVersion = 16.0.30621.155
MinimumVisualStudioVersion = 10.0.40219.1
Project("{8BC9CEB8-8B4A-11D0-8D11-00A0C91BC942}") = "w2p1", "w2p1\w2p1.vcxproj", "{66F3EC86-97D4-402B-8FEA-5657DB2E85CA}"
EndProject
Global
	GlobalSection(SolutionConfigurationPlatforms) = preSolution
		Debug|x64 = Debug|x64
		Debug|x86 = Debug|x86
		Release|x64 = Release|x64
		Release|x86 = Release|x86
	EndGlobalSection
	GlobalSection(ProjectConfigurationPlatforms) = postSolution
		{66F3EC86-97D4-402B-8FEA-5657DB2E85CA}.Debug|x64.ActiveCfg = Debug|x64
		{66F3EC86-97D4-402B-8FEA-5657DB2E85CA}.Debug|x64.Build.0 = Debug|x64
		{66F3EC86-97D4-402B-8FEA-5657DB2E85CA}.Debug|x86.ActiveCfg = Debug|Win32
		{66F3EC86-97D4-402B-8FEA-5657DB2E85CA}.Debug|x86.Build.0 = Debug|Win32
		{66F3EC86-97D4-402B-8FEA-5657DB2E85CA}.Release|x64.ActiveCfg = Release|x64
		{66F3EC86-97D4-402B-8FEA-5657DB2E85CA}.Release|x64.Build.0 = Release|x64
		{66F3EC86-97D4-402B-8FEA-5657DB2E85CA}.Release|x86.ActiveCfg = Release|Win32
		{66F3EC86-97D4-402B-8FEA-5657DB2E85CA}.Release|x86.Build.0 = Release|Win32
	EndGlobalSection
	GlobalSection(SolutionProperties) = preSolution
		HideSolutionNode = FALSE
	EndGlobalSection
	GlobalSection(ExtensibilityGlobals) = postSolution
		SolutionGuid = {D47BA426-E704-43FB-B574-EB16F6EB0EE2}
	EndGlobalSection
EndGlobal
