
Microsoft Visual Studio Solution File, Format Version 12.00
# Visual Studio Version 16
VisualStudioVersion = 16.0.30621.155
MinimumVisualStudioVersion = 10.0.40219.1
Project("{8BC9CEB8-8B4A-11D0-8D11-00A0C91BC942}") = "w4p1", "w4p1\w4p1.vcxproj", "{984CC655-0921-450F-8174-81A4CC6385D8}"
EndProject
Global
	GlobalSection(SolutionConfigurationPlatforms) = preSolution
		Debug|x64 = Debug|x64
		Debug|x86 = Debug|x86
		Release|x64 = Release|x64
		Release|x86 = Release|x86
	EndGlobalSection
	GlobalSection(ProjectConfigurationPlatforms) = postSolution
		{984CC655-0921-450F-8174-81A4CC6385D8}.Debug|x64.ActiveCfg = Debug|x64
		{984CC655-0921-450F-8174-81A4CC6385D8}.Debug|x64.Build.0 = Debug|x64
		{984CC655-0921-450F-8174-81A4CC6385D8}.Debug|x86.ActiveCfg = Debug|Win32
		{984CC655-0921-450F-8174-81A4CC6385D8}.Debug|x86.Build.0 = Debug|Win32
		{984CC655-0921-450F-8174-81A4CC6385D8}.Release|x64.ActiveCfg = Release|x64
		{984CC655-0921-450F-8174-81A4CC6385D8}.Release|x64.Build.0 = Release|x64
		{984CC655-0921-450F-8174-81A4CC6385D8}.Release|x86.ActiveCfg = Release|Win32
		{984CC655-0921-450F-8174-81A4CC6385D8}.Release|x86.Build.0 = Release|Win32
	EndGlobalSection
	GlobalSection(SolutionProperties) = preSolution
		HideSolutionNode = FALSE
	EndGlobalSection
	GlobalSection(ExtensibilityGlobals) = postSolution
		SolutionGuid = {DE106C50-BFD5-4B56-B78E-543ACEF5E103}
	EndGlobalSection
EndGlobal
